
Microsoft Visual Studio Solution File, Format Version 12.00
# Visual Studio Version 16
VisualStudioVersion = 16.0.31729.503
MinimumVisualStudioVersion = 10.0.40219.1
Project("{FAE04EC0-301F-11D3-BF4B-00C04F79EFBC}") = "ExerciseMonitor", "ExerciseMonitor\ExerciseMonitor.csproj", "{6023792E-5D41-417A-B7C7-50A84B8F3B17}"
EndProject
Global
	GlobalSection(SolutionConfigurationPlatforms) = preSolution
		Debug|Any CPU = Debug|Any CPU
		Release|Any CPU = Release|Any CPU
	EndGlobalSection
	GlobalSection(ProjectConfigurationPlatforms) = postSolution
		{6023792E-5D41-417A-B7C7-50A84B8F3B17}.Debug|Any CPU.ActiveCfg = Debug|Any CPU
		{6023792E-5D41-417A-B7C7-50A84B8F3B17}.Debug|Any CPU.Build.0 = Debug|Any CPU
		{6023792E-5D41-417A-B7C7-50A84B8F3B17}.Release|Any CPU.ActiveCfg = Release|Any CPU
		{6023792E-5D41-417A-B7C7-50A84B8F3B17}.Release|Any CPU.Build.0 = Release|Any CPU
	EndGlobalSection
	GlobalSection(SolutionProperties) = preSolution
		HideSolutionNode = FALSE
	EndGlobalSection
	GlobalSection(ExtensibilityGlobals) = postSolution
		SolutionGuid = {31DA448D-D964-4964-A044-3F3B1C79E416}
	EndGlobalSection
EndGlobal
